
Microsoft Visual Studio Solution File, Format Version 12.00
# Visual Studio 14
VisualStudioVersion = 14.0.25420.1
MinimumVisualStudioVersion = 10.0.40219.1
Project("{FAE04EC0-301F-11D3-BF4B-00C04F79EFBC}") = "CrosAPI", "CrosAPI\CrosAPI.csproj", "{120E1EC3-56F0-4014-ACAD-AF50E7C8786F}"
EndProject
Project("{FAE04EC0-301F-11D3-BF4B-00C04F79EFBC}") = "CrosWeb", "CrosWeb\CrosWeb.csproj", "{A828A3C2-EC2B-4195-8C67-E22498CF9973}"
EndProject
Global
	GlobalSection(SolutionConfigurationPlatforms) = preSolution
		Debug|Any CPU = Debug|Any CPU
		Release|Any CPU = Release|Any CPU
	EndGlobalSection
	GlobalSection(ProjectConfigurationPlatforms) = postSolution
		{120E1EC3-56F0-4014-ACAD-AF50E7C8786F}.Debug|Any CPU.ActiveCfg = Debug|Any CPU
		{120E1EC3-56F0-4014-ACAD-AF50E7C8786F}.Debug|Any CPU.Build.0 = Debug|Any CPU
		{120E1EC3-56F0-4014-ACAD-AF50E7C8786F}.Release|Any CPU.ActiveCfg = Release|Any CPU
		{120E1EC3-56F0-4014-ACAD-AF50E7C8786F}.Release|Any CPU.Build.0 = Release|Any CPU
		{A828A3C2-EC2B-4195-8C67-E22498CF9973}.Debug|Any CPU.ActiveCfg = Debug|Any CPU
		{A828A3C2-EC2B-4195-8C67-E22498CF9973}.Debug|Any CPU.Build.0 = Debug|Any CPU
		{A828A3C2-EC2B-4195-8C67-E22498CF9973}.Release|Any CPU.ActiveCfg = Release|Any CPU
		{A828A3C2-EC2B-4195-8C67-E22498CF9973}.Release|Any CPU.Build.0 = Release|Any CPU
	EndGlobalSection
	GlobalSection(SolutionProperties) = preSolution
		HideSolutionNode = FALSE
	EndGlobalSection
EndGlobal
